
Microsoft Visual Studio Solution File, Format Version 10.00
# Visual C++ Express 2008
Project("{8BC9CEB8-8B4A-11D0-8D11-00A0C91BC942}") = "game", "game\game.vcproj", "{8B657020-C79B-4239-BC1C-1B630F91BCCD}"
EndProject
Global
	GlobalSection(SolutionConfigurationPlatforms) = preSolution
		Debug|Win32 = Debug|Win32
		Release|Win32 = Release|Win32
	EndGlobalSection
	GlobalSection(ProjectConfigurationPlatforms) = postSolution
		{8B657020-C79B-4239-BC1C-1B630F91BCCD}.Debug|Win32.ActiveCfg = Debug|Win32
		{8B657020-C79B-4239-BC1C-1B630F91BCCD}.Debug|Win32.Build.0 = Debug|Win32
		{8B657020-C79B-4239-BC1C-1B630F91BCCD}.Release|Win32.ActiveCfg = Release|Win32
		{8B657020-C79B-4239-BC1C-1B630F91BCCD}.Release|Win32.Build.0 = Release|Win32
	EndGlobalSection
	GlobalSection(SolutionProperties) = preSolution
		HideSolutionNode = FALSE
	EndGlobalSection
EndGlobal
